uuid: e453a097-f663-4503-913b-27e81cc0300f
langcode: es
status: true
dependencies:
  module:
    - better_social_sharing_buttons
    - system
  theme:
    - odisean
id: bettersocialsharingbuttonsblock
theme: odisean
region: content
weight: -8
provider: null
plugin: better_social_sharing_buttons_block
settings:
  id: better_social_sharing_buttons_block
  label: 'Better Social Sharing Buttons block'
  label_display: '0'
  provider: better_social_sharing_buttons
visibility:
  request_path:
    id: request_path
    negate: false
    context_mapping: {  }
    pages: '/empresa/*'
